// !$*UTF8*$!
{
	archiveVersion = 1;
	classes = {
	};
	objectVersion = 50;
	objects = {

/* Begin PBXBuildFile section */
		101629CF26BD6D2300FC7180 /* WorkoutApp.swift in Sources */ = {isa = PBXBuildFile; fileRef = 101629CE26BD6D2300FC7180 /* WorkoutApp.swift */; };
		101629D126BD6D2300FC7180 /* ActivityView.swift in Sources */ = {isa = PBXBuildFile; fileRef = 101629D026BD6D2300FC7180 /* ActivityView.swift */; };
		101629D326BD6D2500FC7180 /* Assets.xcassets in Resources */ = {isa = PBXBuildFile; fileRef = 101629D226BD6D2500FC7180 /* Assets.xcassets */; };
		101629D626BD6D2500FC7180 /* Preview Assets.xcassets in Resources */ = {isa = PBXBuildFile; fileRef = 101629D526BD6D2500FC7180 /* Preview Assets.xcassets */; };
		101629E126BE83F300FC7180 /* ExerciseModel.swift in Sources */ = {isa = PBXBuildFile; fileRef = 101629E026BE83F300FC7180 /* ExerciseModel.swift */; };
		101629E326BE859000FC7180 /* WorkoutModel.swift in Sources */ = {isa = PBXBuildFile; fileRef = 101629E226BE859000FC7180 /* WorkoutModel.swift */; };
		101629E526BE86CA00FC7180 /* ReSetupSequenceModel.swift in Sources */ = {isa = PBXBuildFile; fileRef = 101629E426BE86CA00FC7180 /* ReSetupSequenceModel.swift */; };
		101629E826BE870700FC7180 /* ReSetupType.swift in Sources */ = {isa = PBXBuildFile; fileRef = 101629E726BE870700FC7180 /* ReSetupType.swift */; };
		101629ED26BE8C1800FC7180 /* data.json in Resources */ = {isa = PBXBuildFile; fileRef = 101629EC26BE8C1800FC7180 /* data.json */; };
		101629F026BE8C4A00FC7180 /* DataService.swift in Sources */ = {isa = PBXBuildFile; fileRef = 101629EF26BE8C4A00FC7180 /* DataService.swift */; };
		101629F226BEBF2C00FC7180 /* ActivityViewModel.swift in Sources */ = {isa = PBXBuildFile; fileRef = 101629F126BEBF2C00FC7180 /* ActivityViewModel.swift */; };
		101629F426BEC95C00FC7180 /* RestModel.swift in Sources */ = {isa = PBXBuildFile; fileRef = 101629F326BEC95C00FC7180 /* RestModel.swift */; };
		101629F626BEC98F00FC7180 /* WorkoutPartBaseModel.swift in Sources */ = {isa = PBXBuildFile; fileRef = 101629F526BEC98F00FC7180 /* WorkoutPartBaseModel.swift */; };
		101629FC26BF1F6200FC7180 /* SequenceView.swift in Sources */ = {isa = PBXBuildFile; fileRef = 101629FB26BF1F6200FC7180 /* SequenceView.swift */; };
		101629FF26BF214200FC7180 /* CircleButton.swift in Sources */ = {isa = PBXBuildFile; fileRef = 101629FE26BF214200FC7180 /* CircleButton.swift */; };
		10162A0126BF9AFA00FC7180 /* SequenceViewModel.swift in Sources */ = {isa = PBXBuildFile; fileRef = 10162A0026BF9AFA00FC7180 /* SequenceViewModel.swift */; };
		10162A0326BF9BBC00FC7180 /* SequenceModel.swift in Sources */ = {isa = PBXBuildFile; fileRef = 10162A0226BF9BBC00FC7180 /* SequenceModel.swift */; };
		102CE96B26BFBB4F008E29E8 /* SetupViewModel.swift in Sources */ = {isa = PBXBuildFile; fileRef = 102CE96A26BFBB4F008E29E8 /* SetupViewModel.swift */; };
		102CE96D26BFBFF9008E29E8 /* SetupView.swift in Sources */ = {isa = PBXBuildFile; fileRef = 102CE96C26BFBFF9008E29E8 /* SetupView.swift */; };
/* End PBXBuildFile section */

/* Begin PBXFileReference section */
		101629CB26BD6D2300FC7180 /* Workout.app */ = {isa = PBXFileReference; explicitFileType = wrapper.application; includeInIndex = 0; path = Workout.app; sourceTree = BUILT_PRODUCTS_DIR; };
		101629CE26BD6D2300FC7180 /* WorkoutApp.swift */ = {isa = PBXFileReference; lastKnownFileType = sourcecode.swift; path = WorkoutApp.swift; sourceTree = "<group>"; };
		101629D026BD6D2300FC7180 /* ActivityView.swift */ = {isa = PBXFileReference; lastKnownFileType = sourcecode.swift; path = ActivityView.swift; sourceTree = "<group>"; };
		101629D226BD6D2500FC7180 /* Assets.xcassets */ = {isa = PBXFileReference; lastKnownFileType = folder.assetcatalog; path = Assets.xcassets; sourceTree = "<group>"; };
		101629D526BD6D2500FC7180 /* Preview Assets.xcassets */ = {isa = PBXFileReference; lastKnownFileType = folder.assetcatalog; path = "Preview Assets.xcassets"; sourceTree = "<group>"; };
		101629D726BD6D2500FC7180 /* Info.plist */ = {isa = PBXFileReference; lastKnownFileType = text.plist.xml; path = Info.plist; sourceTree = "<group>"; };
		101629E026BE83F300FC7180 /* ExerciseModel.swift */ = {isa = PBXFileReference; lastKnownFileType = sourcecode.swift; path = ExerciseModel.swift; sourceTree = "<group>"; };
		101629E226BE859000FC7180 /* WorkoutModel.swift */ = {isa = PBXFileReference; lastKnownFileType = sourcecode.swift; path = WorkoutModel.swift; sourceTree = "<group>"; };
		101629E426BE86CA00FC7180 /* ReSetupSequenceModel.swift */ = {isa = PBXFileReference; lastKnownFileType = sourcecode.swift; path = ReSetupSequenceModel.swift; sourceTree = "<group>"; };
		101629E726BE870700FC7180 /* ReSetupType.swift */ = {isa = PBXFileReference; lastKnownFileType = sourcecode.swift; path = ReSetupType.swift; sourceTree = "<group>"; };
		101629EC26BE8C1800FC7180 /* data.json */ = {isa = PBXFileReference; lastKnownFileType = text.json; path = data.json; sourceTree = "<group>"; };
		101629EF26BE8C4A00FC7180 /* DataService.swift */ = {isa = PBXFileReference; lastKnownFileType = sourcecode.swift; path = DataService.swift; sourceTree = "<group>"; };
		101629F126BEBF2C00FC7180 /* ActivityViewModel.swift */ = {isa = PBXFileReference; lastKnownFileType = sourcecode.swift; path = ActivityViewModel.swift; sourceTree = "<group>"; };
		101629F326BEC95C00FC7180 /* RestModel.swift */ = {isa = PBXFileReference; lastKnownFileType = sourcecode.swift; path = RestModel.swift; sourceTree = "<group>"; };
		101629F526BEC98F00FC7180 /* WorkoutPartBaseModel.swift */ = {isa = PBXFileReference; lastKnownFileType = sourcecode.swift; path = WorkoutPartBaseModel.swift; sourceTree = "<group>"; };
		101629FB26BF1F6200FC7180 /* SequenceView.swift */ = {isa = PBXFileReference; lastKnownFileType = sourcecode.swift; path = SequenceView.swift; sourceTree = "<group>"; };
		101629FE26BF214200FC7180 /* CircleButton.swift */ = {isa = PBXFileReference; lastKnownFileType = sourcecode.swift; path = CircleButton.swift; sourceTree = "<group>"; };
		10162A0026BF9AFA00FC7180 /* SequenceViewModel.swift */ = {isa = PBXFileReference; lastKnownFileType = sourcecode.swift; path = SequenceViewModel.swift; sourceTree = "<group>"; };
		10162A0226BF9BBC00FC7180 /* SequenceModel.swift */ = {isa = PBXFileReference; lastKnownFileType = sourcecode.swift; path = SequenceModel.swift; sourceTree = "<group>"; };
		102CE96A26BFBB4F008E29E8 /* SetupViewModel.swift */ = {isa = PBXFileReference; lastKnownFileType = sourcecode.swift; path = SetupViewModel.swift; sourceTree = "<group>"; };
		102CE96C26BFBFF9008E29E8 /* SetupView.swift */ = {isa = PBXFileReference; lastKnownFileType = sourcecode.swift; path = SetupView.swift; sourceTree = "<group>"; };
/* End PBXFileReference section */

/* Begin PBXFrameworksBuildPhase section */
		101629C826BD6D2300FC7180 /* Frameworks */ = {
			isa = PBXFrameworksBuildPhase;
			buildActionMask = 2147483647;
			files = (
			);
			runOnlyForDeploymentPostprocessing = 0;
		};
/* End PBXFrameworksBuildPhase section */

/* Begin PBXGroup section */
		101629C226BD6D2300FC7180 = {
			isa = PBXGroup;
			children = (
				101629CD26BD6D2300FC7180 /* Workout */,
				101629CC26BD6D2300FC7180 /* Products */,
			);
			sourceTree = "<group>";
		};
		101629CC26BD6D2300FC7180 /* Products */ = {
			isa = PBXGroup;
			children = (
				101629CB26BD6D2300FC7180 /* Workout.app */,
			);
			name = Products;
			sourceTree = "<group>";
		};
		101629CD26BD6D2300FC7180 /* Workout */ = {
			isa = PBXGroup;
			children = (
				101629FD26BF212800FC7180 /* CustomControls */,
				101629EE26BE8C3200FC7180 /* Services */,
				101629E926BE883100FC7180 /* MockData */,
				101629E626BE86F100FC7180 /* Enums */,
				101629DF26BE83C700FC7180 /* Models */,
				101629DE26BE83B000FC7180 /* ViewModels */,
				101629DD26BE839100FC7180 /* Views */,
				101629CE26BD6D2300FC7180 /* WorkoutApp.swift */,
				101629D226BD6D2500FC7180 /* Assets.xcassets */,
				101629D726BD6D2500FC7180 /* Info.plist */,
				101629D426BD6D2500FC7180 /* Preview Content */,
			);
			path = Workout;
			sourceTree = "<group>";
		};
		101629D426BD6D2500FC7180 /* Preview Content */ = {
			isa = PBXGroup;
			children = (
				101629D526BD6D2500FC7180 /* Preview Assets.xcassets */,
			);
			path = "Preview Content";
			sourceTree = "<group>";
		};
		101629DD26BE839100FC7180 /* Views */ = {
			isa = PBXGroup;
			children = (
				101629FB26BF1F6200FC7180 /* SequenceView.swift */,
				101629D026BD6D2300FC7180 /* ActivityView.swift */,
				102CE96C26BFBFF9008E29E8 /* SetupView.swift */,
			);
			path = Views;
			sourceTree = "<group>";
		};
		101629DE26BE83B000FC7180 /* ViewModels */ = {
			isa = PBXGroup;
			children = (
				102CE96A26BFBB4F008E29E8 /* SetupViewModel.swift */,
				10162A0026BF9AFA00FC7180 /* SequenceViewModel.swift */,
				101629F126BEBF2C00FC7180 /* ActivityViewModel.swift */,
			);
			path = ViewModels;
			sourceTree = "<group>";
		};
		101629DF26BE83C700FC7180 /* Models */ = {
			isa = PBXGroup;
			children = (
				101629F826BF0B3A00FC7180 /* WorkoutParts */,
				101629E226BE859000FC7180 /* WorkoutModel.swift */,
				101629E426BE86CA00FC7180 /* ReSetupSequenceModel.swift */,
				10162A0226BF9BBC00FC7180 /* SequenceModel.swift */,
			);
			path = Models;
			sourceTree = "<group>";
		};
		101629E626BE86F100FC7180 /* Enums */ = {
			isa = PBXGroup;
			children = (
				101629E726BE870700FC7180 /* ReSetupType.swift */,
			);
			path = Enums;
			sourceTree = "<group>";
		};
		101629E926BE883100FC7180 /* MockData */ = {
			isa = PBXGroup;
			children = (
				101629EC26BE8C1800FC7180 /* data.json */,
			);
			path = MockData;
			sourceTree = "<group>";
		};
		101629EE26BE8C3200FC7180 /* Services */ = {
			isa = PBXGroup;
			children = (
				101629EF26BE8C4A00FC7180 /* DataService.swift */,
			);
			path = Services;
			sourceTree = "<group>";
		};
		101629F826BF0B3A00FC7180 /* WorkoutParts */ = {
			isa = PBXGroup;
			children = (
				101629F326BEC95C00FC7180 /* RestModel.swift */,
				101629E026BE83F300FC7180 /* ExerciseModel.swift */,
				101629F526BEC98F00FC7180 /* WorkoutPartBaseModel.swift */,
			);
			path = WorkoutParts;
			sourceTree = "<group>";
		};
		101629FD26BF212800FC7180 /* CustomControls */ = {
			isa = PBXGroup;
			children = (
				101629FE26BF214200FC7180 /* CircleButton.swift */,
			);
			path = CustomControls;
			sourceTree = "<group>";
		};
/* End PBXGroup section */

/* Begin PBXNativeTarget section */
		101629CA26BD6D2300FC7180 /* Workout */ = {
			isa = PBXNativeTarget;
			buildConfigurationList = 101629DA26BD6D2500FC7180 /* Build configuration list for PBXNativeTarget "Workout" */;
			buildPhases = (
				101629C726BD6D2300FC7180 /* Sources */,
				101629C826BD6D2300FC7180 /* Frameworks */,
				101629C926BD6D2300FC7180 /* Resources */,
			);
			buildRules = (
			);
			dependencies = (
			);
			name = Workout;
			productName = Workout;
			productReference = 101629CB26BD6D2300FC7180 /* Workout.app */;
			productType = "com.apple.product-type.application";
		};
/* End PBXNativeTarget section */

/* Begin PBXProject section */
		101629C326BD6D2300FC7180 /* Project object */ = {
			isa = PBXProject;
			attributes = {
				LastSwiftUpdateCheck = 1250;
				LastUpgradeCheck = 1250;
				TargetAttributes = {
					101629CA26BD6D2300FC7180 = {
						CreatedOnToolsVersion = 12.5;
					};
				};
			};
			buildConfigurationList = 101629C626BD6D2300FC7180 /* Build configuration list for PBXProject "Workout" */;
			compatibilityVersion = "Xcode 9.3";
			developmentRegion = en;
			hasScannedForEncodings = 0;
			knownRegions = (
				en,
				Base,
			);
			mainGroup = 101629C226BD6D2300FC7180;
			productRefGroup = 101629CC26BD6D2300FC7180 /* Products */;
			projectDirPath = "";
			projectRoot = "";
			targets = (
				101629CA26BD6D2300FC7180 /* Workout */,
			);
		};
/* End PBXProject section */

/* Begin PBXResourcesBuildPhase section */
		101629C926BD6D2300FC7180 /* Resources */ = {
			isa = PBXResourcesBuildPhase;
			buildActionMask = 2147483647;
			files = (
				101629D626BD6D2500FC7180 /* Preview Assets.xcassets in Resources */,
				101629ED26BE8C1800FC7180 /* data.json in Resources */,
				101629D326BD6D2500FC7180 /* Assets.xcassets in Resources */,
			);
			runOnlyForDeploymentPostprocessing = 0;
		};
/* End PBXResourcesBuildPhase section */

/* Begin PBXSourcesBuildPhase section */
		101629C726BD6D2300FC7180 /* Sources */ = {
			isa = PBXSourcesBuildPhase;
			buildActionMask = 2147483647;
			files = (
				101629D126BD6D2300FC7180 /* ActivityView.swift in Sources */,
				101629F026BE8C4A00FC7180 /* DataService.swift in Sources */,
				101629E526BE86CA00FC7180 /* ReSetupSequenceModel.swift in Sources */,
				101629FF26BF214200FC7180 /* CircleButton.swift in Sources */,
				101629F226BEBF2C00FC7180 /* ActivityViewModel.swift in Sources */,
				101629FC26BF1F6200FC7180 /* SequenceView.swift in Sources */,
				102CE96D26BFBFF9008E29E8 /* SetupView.swift in Sources */,
				101629F626BEC98F00FC7180 /* WorkoutPartBaseModel.swift in Sources */,
				101629E826BE870700FC7180 /* ReSetupType.swift in Sources */,
				101629F426BEC95C00FC7180 /* RestModel.swift in Sources */,
				101629E326BE859000FC7180 /* WorkoutModel.swift in Sources */,
				101629CF26BD6D2300FC7180 /* WorkoutApp.swift in Sources */,
				101629E126BE83F300FC7180 /* ExerciseModel.swift in Sources */,
				10162A0326BF9BBC00FC7180 /* SequenceModel.swift in Sources */,
				102CE96B26BFBB4F008E29E8 /* SetupViewModel.swift in Sources */,
				10162A0126BF9AFA00FC7180 /* SequenceViewModel.swift in Sources */,
			);
			runOnlyForDeploymentPostprocessing = 0;
		};
/* End PBXSourcesBuildPhase section */

/* Begin XCBuildConfiguration section */
		101629D826BD6D2500FC7180 /* Debug */ = {
			isa = XCBuildConfiguration;
			buildSettings = {
				ALWAYS_SEARCH_USER_PATHS = NO;
				CLANG_ANALYZER_NONNULL = YES;
				CLANG_ANALYZER_NUMBER_OBJECT_CONVERSION = YES_AGGRESSIVE;
				CLANG_CXX_LANGUAGE_STANDARD = "gnu++14";
				CLANG_CXX_LIBRARY = "libc++";
				CLANG_ENABLE_MODULES = YES;
				CLANG_ENABLE_OBJC_ARC = YES;
				CLANG_ENABLE_OBJC_WEAK = YES;
				CLANG_WARN_BLOCK_CAPTURE_AUTORELEASING = YES;
				CLANG_WARN_BOOL_CONVERSION = YES;
				CLANG_WARN_COMMA = YES;
				CLANG_WARN_CONSTANT_CONVERSION = YES;
				CLANG_WARN_DEPRECATED_OBJC_IMPLEMENTATIONS = YES;
				CLANG_WARN_DIRECT_OBJC_ISA_USAGE = YES_ERROR;
				CLANG_WARN_DOCUMENTATION_COMMENTS = YES;
				CLANG_WARN_EMPTY_BODY = YES;
				CLANG_WARN_ENUM_CONVERSION = YES;
				CLANG_WARN_INFINITE_RECURSION = YES;
				CLANG_WARN_INT_CONVERSION = YES;
				CLANG_WARN_NON_LITERAL_NULL_CONVERSION = YES;
				CLANG_WARN_OBJC_IMPLICIT_RETAIN_SELF = YES;
				CLANG_WARN_OBJC_LITERAL_CONVERSION = YES;
				CLANG_WARN_OBJC_ROOT_CLASS = YES_ERROR;
				CLANG_WARN_QUOTED_INCLUDE_IN_FRAMEWORK_HEADER = YES;
				CLANG_WARN_RANGE_LOOP_ANALYSIS = YES;
				CLANG_WARN_STRICT_PROTOTYPES = YES;
				CLANG_WARN_SUSPICIOUS_MOVE = YES;
				CLANG_WARN_UNGUARDED_AVAILABILITY = YES_AGGRESSIVE;
				CLANG_WARN_UNREACHABLE_CODE = YES;
				CLANG_WARN__DUPLICATE_METHOD_MATCH = YES;
				COPY_PHASE_STRIP = NO;
				DEBUG_INFORMATION_FORMAT = dwarf;
				ENABLE_STRICT_OBJC_MSGSEND = YES;
				ENABLE_TESTABILITY = YES;
				GCC_C_LANGUAGE_STANDARD = gnu11;
				GCC_DYNAMIC_NO_PIC = NO;
				GCC_NO_COMMON_BLOCKS = YES;
				GCC_OPTIMIZATION_LEVEL = 0;
				GCC_PREPROCESSOR_DEFINITIONS = (
					"DEBUG=1",
					"$(inherited)",
				);
				GCC_WARN_64_TO_32_BIT_CONVERSION = YES;
				GCC_WARN_ABOUT_RETURN_TYPE = YES_ERROR;
				GCC_WARN_UNDECLARED_SELECTOR = YES;
				GCC_WARN_UNINITIALIZED_AUTOS = YES_AGGRESSIVE;
				GCC_WARN_UNUSED_FUNCTION = YES;
				GCC_WARN_UNUSED_VARIABLE = YES;
				IPHONEOS_DEPLOYMENT_TARGET = 14.5;
				MTL_ENABLE_DEBUG_INFO = INCLUDE_SOURCE;
				MTL_FAST_MATH = YES;
				ONLY_ACTIVE_ARCH = YES;
				SDKROOT = iphoneos;
				SWIFT_ACTIVE_COMPILATION_CONDITIONS = DEBUG;
				SWIFT_OPTIMIZATION_LEVEL = "-Onone";
			};
			name = Debug;
		};
		101629D926BD6D2500FC7180 /* Release */ = {
			isa = XCBuildConfiguration;
			buildSettings = {
				ALWAYS_SEARCH_USER_PATHS = NO;
				CLANG_ANALYZER_NONNULL = YES;
				CLANG_ANALYZER_NUMBER_OBJECT_CONVERSION = YES_AGGRESSIVE;
				CLANG_CXX_LANGUAGE_STANDARD = "gnu++14";
				CLANG_CXX_LIBRARY = "libc++";
				CLANG_ENABLE_MODULES = YES;
				CLANG_ENABLE_OBJC_ARC = YES;
				CLANG_ENABLE_OBJC_WEAK = YES;
				CLANG_WARN_BLOCK_CAPTURE_AUTORELEASING = YES;
				CLANG_WARN_BOOL_CONVERSION = YES;
				CLANG_WARN_COMMA = YES;
				CLANG_WARN_CONSTANT_CONVERSION = YES;
				CLANG_WARN_DEPRECATED_OBJC_IMPLEMENTATIONS = YES;
				CLANG_WARN_DIRECT_OBJC_ISA_USAGE = YES_ERROR;
				CLANG_WARN_DOCUMENTATION_COMMENTS = YES;
				CLANG_WARN_EMPTY_BODY = YES;
				CLANG_WARN_ENUM_CONVERSION = YES;
				CLANG_WARN_INFINITE_RECURSION = YES;
				CLANG_WARN_INT_CONVERSION = YES;
				CLANG_WARN_NON_LITERAL_NULL_CONVERSION = YES;
				CLANG_WARN_OBJC_IMPLICIT_RETAIN_SELF = YES;
				CLANG_WARN_OBJC_LITERAL_CONVERSION = YES;
				CLANG_WARN_OBJC_ROOT_CLASS = YES_ERROR;
				CLANG_WARN_QUOTED_INCLUDE_IN_FRAMEWORK_HEADER = YES;
				CLANG_WARN_RANGE_LOOP_ANALYSIS = YES;
				CLANG_WARN_STRICT_PROTOTYPES = YES;
				CLANG_WARN_SUSPICIOUS_MOVE = YES;
				CLANG_WARN_UNGUARDED_AVAILABILITY = YES_AGGRESSIVE;
				CLANG_WARN_UNREACHABLE_CODE = YES;
				CLANG_WARN__DUPLICATE_METHOD_MATCH = YES;
				COPY_PHASE_STRIP = NO;
				DEBUG_INFORMATION_FORMAT = "dwarf-with-dsym";
				ENABLE_NS_ASSERTIONS = NO;
				ENABLE_STRICT_OBJC_MSGSEND = YES;
				GCC_C_LANGUAGE_STANDARD = gnu11;
				GCC_NO_COMMON_BLOCKS = YES;
				GCC_WARN_64_TO_32_BIT_CONVERSION = YES;
				GCC_WARN_ABOUT_RETURN_TYPE = YES_ERROR;
				GCC_WARN_UNDECLARED_SELECTOR = YES;
				GCC_WARN_UNINITIALIZED_AUTOS = YES_AGGRESSIVE;
				GCC_WARN_UNUSED_FUNCTION = YES;
				GCC_WARN_UNUSED_VARIABLE = YES;
				IPHONEOS_DEPLOYMENT_TARGET = 14.5;
				MTL_ENABLE_DEBUG_INFO = NO;
				MTL_FAST_MATH = YES;
				SDKROOT = iphoneos;
				SWIFT_COMPILATION_MODE = wholemodule;
				SWIFT_OPTIMIZATION_LEVEL = "-O";
				VALIDATE_PRODUCT = YES;
			};
			name = Release;
		};
		101629DB26BD6D2500FC7180 /* Debug */ = {
			isa = XCBuildConfiguration;
			buildSettings = {
				ASSETCATALOG_COMPILER_APPICON_NAME = AppIcon;
				ASSETCATALOG_COMPILER_GLOBAL_ACCENT_COLOR_NAME = AccentColor;
				CODE_SIGN_STYLE = Automatic;
				DEVELOPMENT_ASSET_PATHS = "\"Workout/Preview Content\"";
				ENABLE_PREVIEWS = YES;
				INFOPLIST_FILE = Workout/Info.plist;
				IPHONEOS_DEPLOYMENT_TARGET = 14.0;
				LD_RUNPATH_SEARCH_PATHS = (
					"$(inherited)",
					"@executable_path/Frameworks",
				);
				PRODUCT_BUNDLE_IDENTIFIER = com.noammani.workout.Workout;
				PRODUCT_NAME = "$(TARGET_NAME)";
				SWIFT_VERSION = 5.0;
				TARGETED_DEVICE_FAMILY = "1,2";
			};
			name = Debug;
		};
		101629DC26BD6D2500FC7180 /* Release */ = {
			isa = XCBuildConfiguration;
			buildSettings = {
				ASSETCATALOG_COMPILER_APPICON_NAME = AppIcon;
				ASSETCATALOG_COMPILER_GLOBAL_ACCENT_COLOR_NAME = AccentColor;
				CODE_SIGN_STYLE = Automatic;
				DEVELOPMENT_ASSET_PATHS = "\"Workout/Preview Content\"";
				ENABLE_PREVIEWS = YES;
				INFOPLIST_FILE = Workout/Info.plist;
				IPHONEOS_DEPLOYMENT_TARGET = 14.0;
				LD_RUNPATH_SEARCH_PATHS = (
					"$(inherited)",
					"@executable_path/Frameworks",
				);
				PRODUCT_BUNDLE_IDENTIFIER = com.noammani.workout.Workout;
				PRODUCT_NAME = "$(TARGET_NAME)";
				SWIFT_VERSION = 5.0;
				TARGETED_DEVICE_FAMILY = "1,2";
			};
			name = Release;
		};
/* End XCBuildConfiguration section */

/* Begin XCConfigurationList section */
		101629C626BD6D2300FC7180 /* Build configuration list for PBXProject "Workout" */ = {
			isa = XCConfigurationList;
			buildConfigurations = (
				101629D826BD6D2500FC7180 /* Debug */,
				101629D926BD6D2500FC7180 /* Release */,
			);
			defaultConfigurationIsVisible = 0;
			defaultConfigurationName = Release;
		};
		101629DA26BD6D2500FC7180 /* Build configuration list for PBXNativeTarget "Workout" */ = {
			isa = XCConfigurationList;
			buildConfigurations = (
				101629DB26BD6D2500FC7180 /* Debug */,
				101629DC26BD6D2500FC7180 /* Release */,
			);
			defaultConfigurationIsVisible = 0;
			defaultConfigurationName = Release;
		};
/* End XCConfigurationList section */
	};
	rootObject = 101629C326BD6D2300FC7180 /* Project object */;
}
